
Microsoft Visual Studio Solution File, Format Version 12.00
# Visual Studio Version 17
VisualStudioVersion = 17.9.34616.47
MinimumVisualStudioVersion = 10.0.40219.1
Project("{FAE04EC0-301F-11D3-BF4B-00C04F79EFBC}") = "L01_2021-602", "L01_2021-602\L01_2021-602.csproj", "{E484CA6E-5E75-4C80-B5CC-DEBC6C1D6A05}"
EndProject
Global
	GlobalSection(SolutionConfigurationPlatforms) = preSolution
		Debug|Any CPU = Debug|Any CPU
		Release|Any CPU = Release|Any CPU
	EndGlobalSection
	GlobalSection(ProjectConfigurationPlatforms) = postSolution
		{E484CA6E-5E75-4C80-B5CC-DEBC6C1D6A05}.Debug|Any CPU.ActiveCfg = Debug|Any CPU
		{E484CA6E-5E75-4C80-B5CC-DEBC6C1D6A05}.Debug|Any CPU.Build.0 = Debug|Any CPU
		{E484CA6E-5E75-4C80-B5CC-DEBC6C1D6A05}.Release|Any CPU.ActiveCfg = Release|Any CPU
		{E484CA6E-5E75-4C80-B5CC-DEBC6C1D6A05}.Release|Any CPU.Build.0 = Release|Any CPU
	EndGlobalSection
	GlobalSection(SolutionProperties) = preSolution
		HideSolutionNode = FALSE
	EndGlobalSection
	GlobalSection(ExtensibilityGlobals) = postSolution
		SolutionGuid = {5A3309C4-7068-4585-9D43-ABA0ACFC0D93}
	EndGlobalSection
EndGlobal
